
Microsoft Visual Studio Solution File, Format Version 12.00
# Visual Studio 14
VisualStudioVersion = 14.0.25420.1
MinimumVisualStudioVersion = 10.0.40219.1
Project("{FAE04EC0-301F-11D3-BF4B-00C04F79EFBC}") = "TextPoint", "TextPoint.csproj", "{072ED78E-29AC-4B05-A88F-78BB64E8096A}"
EndProject
Project("{FAE04EC0-301F-11D3-BF4B-00C04F79EFBC}") = "TextPointExtensibility", "..\TextPointExtensibility\TextPointExtensibility.csproj", "{48C83839-72A4-4E94-8725-E8537DB9860F}"
EndProject
Project("{FAE04EC0-301F-11D3-BF4B-00C04F79EFBC}") = "TextPointunitTest", "..\TextPointunitTest\TextPointunitTest.csproj", "{B558459D-6D74-408D-8873-CDBDBC6FC512}"
EndProject
Project("{FAE04EC0-301F-11D3-BF4B-00C04F79EFBC}") = "TextPoint.Tests", "..\TextPoint.Tests\TextPoint.Tests.csproj", "{E1B2945D-E55B-4B81-989B-AADAD4B546DC}"
EndProject
Global
	GlobalSection(SolutionConfigurationPlatforms) = preSolution
		Debug|Any CPU = Debug|Any CPU
		Release|Any CPU = Release|Any CPU
	EndGlobalSection
	GlobalSection(ProjectConfigurationPlatforms) = postSolution
		{072ED78E-29AC-4B05-A88F-78BB64E8096A}.Debug|Any CPU.ActiveCfg = Debug|Any CPU
		{072ED78E-29AC-4B05-A88F-78BB64E8096A}.Debug|Any CPU.Build.0 = Debug|Any CPU
		{072ED78E-29AC-4B05-A88F-78BB64E8096A}.Release|Any CPU.ActiveCfg = Release|Any CPU
		{072ED78E-29AC-4B05-A88F-78BB64E8096A}.Release|Any CPU.Build.0 = Release|Any CPU
		{48C83839-72A4-4E94-8725-E8537DB9860F}.Debug|Any CPU.ActiveCfg = Debug|Any CPU
		{48C83839-72A4-4E94-8725-E8537DB9860F}.Debug|Any CPU.Build.0 = Debug|Any CPU
		{48C83839-72A4-4E94-8725-E8537DB9860F}.Release|Any CPU.ActiveCfg = Release|Any CPU
		{48C83839-72A4-4E94-8725-E8537DB9860F}.Release|Any CPU.Build.0 = Release|Any CPU
		{B558459D-6D74-408D-8873-CDBDBC6FC512}.Debug|Any CPU.ActiveCfg = Debug|Any CPU
		{B558459D-6D74-408D-8873-CDBDBC6FC512}.Debug|Any CPU.Build.0 = Debug|Any CPU
		{B558459D-6D74-408D-8873-CDBDBC6FC512}.Release|Any CPU.ActiveCfg = Release|Any CPU
		{B558459D-6D74-408D-8873-CDBDBC6FC512}.Release|Any CPU.Build.0 = Release|Any CPU
		{E1B2945D-E55B-4B81-989B-AADAD4B546DC}.Debug|Any CPU.ActiveCfg = Debug|Any CPU
		{E1B2945D-E55B-4B81-989B-AADAD4B546DC}.Debug|Any CPU.Build.0 = Debug|Any CPU
		{E1B2945D-E55B-4B81-989B-AADAD4B546DC}.Release|Any CPU.ActiveCfg = Release|Any CPU
		{E1B2945D-E55B-4B81-989B-AADAD4B546DC}.Release|Any CPU.Build.0 = Release|Any CPU
	EndGlobalSection
	GlobalSection(SolutionProperties) = preSolution
		HideSolutionNode = FALSE
	EndGlobalSection
EndGlobal
