
Microsoft Visual Studio Solution File, Format Version 12.00
# Visual Studio 14
VisualStudioVersion = 14.0.25420.1
MinimumVisualStudioVersion = 10.0.40219.1
Project("{FAE04EC0-301F-11D3-BF4B-00C04F79EFBC}") = "Transcriber", "Transcriber.csproj", "{072ED78E-29AC-4B05-A88F-78BB64E8096A}"
EndProject
Project("{FAE04EC0-301F-11D3-BF4B-00C04F79EFBC}") = "TranscriberExtensibility", "..\TextPointExtensibility\TranscriberExtensibility.csproj", "{48C83839-72A4-4E94-8725-E8537DB9860F}"
EndProject
Project("{FAE04EC0-301F-11D3-BF4B-00C04F79EFBC}") = "TranscriberUnitTest", "..\TextPointunitTest\TranscriberUnitTest.csproj", "{B558459D-6D74-408D-8873-CDBDBC6FC512}"
EndProject
Project("{6141683F-8A12-4E36-9623-2EB02B2C2303}") = "Setup", "Setup\Setup.isproj", "{667571B6-9775-47FE-A39C-50A0E044FA52}"
EndProject
Global
	GlobalSection(SolutionConfigurationPlatforms) = preSolution
		CD_ROM|Any CPU = CD_ROM|Any CPU
		Debug|Any CPU = Debug|Any CPU
		DVD-5|Any CPU = DVD-5|Any CPU
		Release|Any CPU = Release|Any CPU
		SingleImage|Any CPU = SingleImage|Any CPU
	EndGlobalSection
	GlobalSection(ProjectConfigurationPlatforms) = postSolution
		{072ED78E-29AC-4B05-A88F-78BB64E8096A}.CD_ROM|Any CPU.ActiveCfg = Release|Any CPU
		{072ED78E-29AC-4B05-A88F-78BB64E8096A}.CD_ROM|Any CPU.Build.0 = Release|Any CPU
		{072ED78E-29AC-4B05-A88F-78BB64E8096A}.Debug|Any CPU.ActiveCfg = Debug|Any CPU
		{072ED78E-29AC-4B05-A88F-78BB64E8096A}.Debug|Any CPU.Build.0 = Debug|Any CPU
		{072ED78E-29AC-4B05-A88F-78BB64E8096A}.DVD-5|Any CPU.ActiveCfg = Debug|Any CPU
		{072ED78E-29AC-4B05-A88F-78BB64E8096A}.DVD-5|Any CPU.Build.0 = Debug|Any CPU
		{072ED78E-29AC-4B05-A88F-78BB64E8096A}.Release|Any CPU.ActiveCfg = Release|Any CPU
		{072ED78E-29AC-4B05-A88F-78BB64E8096A}.Release|Any CPU.Build.0 = Release|Any CPU
		{072ED78E-29AC-4B05-A88F-78BB64E8096A}.SingleImage|Any CPU.ActiveCfg = Release|Any CPU
		{072ED78E-29AC-4B05-A88F-78BB64E8096A}.SingleImage|Any CPU.Build.0 = Release|Any CPU
		{48C83839-72A4-4E94-8725-E8537DB9860F}.CD_ROM|Any CPU.ActiveCfg = Release|Any CPU
		{48C83839-72A4-4E94-8725-E8537DB9860F}.CD_ROM|Any CPU.Build.0 = Release|Any CPU
		{48C83839-72A4-4E94-8725-E8537DB9860F}.Debug|Any CPU.ActiveCfg = Debug|Any CPU
		{48C83839-72A4-4E94-8725-E8537DB9860F}.Debug|Any CPU.Build.0 = Debug|Any CPU
		{48C83839-72A4-4E94-8725-E8537DB9860F}.DVD-5|Any CPU.ActiveCfg = Debug|Any CPU
		{48C83839-72A4-4E94-8725-E8537DB9860F}.DVD-5|Any CPU.Build.0 = Debug|Any CPU
		{48C83839-72A4-4E94-8725-E8537DB9860F}.Release|Any CPU.ActiveCfg = Release|Any CPU
		{48C83839-72A4-4E94-8725-E8537DB9860F}.Release|Any CPU.Build.0 = Release|Any CPU
		{48C83839-72A4-4E94-8725-E8537DB9860F}.SingleImage|Any CPU.ActiveCfg = Release|Any CPU
		{48C83839-72A4-4E94-8725-E8537DB9860F}.SingleImage|Any CPU.Build.0 = Release|Any CPU
		{B558459D-6D74-408D-8873-CDBDBC6FC512}.CD_ROM|Any CPU.ActiveCfg = Release|Any CPU
		{B558459D-6D74-408D-8873-CDBDBC6FC512}.CD_ROM|Any CPU.Build.0 = Release|Any CPU
		{B558459D-6D74-408D-8873-CDBDBC6FC512}.Debug|Any CPU.ActiveCfg = Debug|Any CPU
		{B558459D-6D74-408D-8873-CDBDBC6FC512}.Debug|Any CPU.Build.0 = Debug|Any CPU
		{B558459D-6D74-408D-8873-CDBDBC6FC512}.DVD-5|Any CPU.ActiveCfg = Debug|Any CPU
		{B558459D-6D74-408D-8873-CDBDBC6FC512}.DVD-5|Any CPU.Build.0 = Debug|Any CPU
		{B558459D-6D74-408D-8873-CDBDBC6FC512}.Release|Any CPU.ActiveCfg = Release|Any CPU
		{B558459D-6D74-408D-8873-CDBDBC6FC512}.Release|Any CPU.Build.0 = Release|Any CPU
		{B558459D-6D74-408D-8873-CDBDBC6FC512}.SingleImage|Any CPU.ActiveCfg = Release|Any CPU
		{B558459D-6D74-408D-8873-CDBDBC6FC512}.SingleImage|Any CPU.Build.0 = Release|Any CPU
		{667571B6-9775-47FE-A39C-50A0E044FA52}.CD_ROM|Any CPU.ActiveCfg = CD_ROM
		{667571B6-9775-47FE-A39C-50A0E044FA52}.CD_ROM|Any CPU.Build.0 = CD_ROM
		{667571B6-9775-47FE-A39C-50A0E044FA52}.Debug|Any CPU.ActiveCfg = DVD-5
		{667571B6-9775-47FE-A39C-50A0E044FA52}.Debug|Any CPU.Build.0 = DVD-5
		{667571B6-9775-47FE-A39C-50A0E044FA52}.DVD-5|Any CPU.ActiveCfg = DVD-5
		{667571B6-9775-47FE-A39C-50A0E044FA52}.DVD-5|Any CPU.Build.0 = DVD-5
		{667571B6-9775-47FE-A39C-50A0E044FA52}.Release|Any CPU.ActiveCfg = SingleImage
		{667571B6-9775-47FE-A39C-50A0E044FA52}.Release|Any CPU.Build.0 = SingleImage
		{667571B6-9775-47FE-A39C-50A0E044FA52}.SingleImage|Any CPU.ActiveCfg = SingleImage
		{667571B6-9775-47FE-A39C-50A0E044FA52}.SingleImage|Any CPU.Build.0 = SingleImage
	EndGlobalSection
	GlobalSection(SolutionProperties) = preSolution
		HideSolutionNode = FALSE
	EndGlobalSection
EndGlobal
